
Microsoft Visual Studio Solution File, Format Version 12.00
Project("{2150E333-8FDC-42A3-9474-1A3956D46DE8}") = "PUB-SUB", "PUB-SUB", "{221D78AC-1F85-458F-9689-CF5EA73AEA45}"
EndProject
Project("{2150E333-8FDC-42A3-9474-1A3956D46DE8}") = "REQ-REPLY", "REQ-REPLY", "{29E77F39-B792-41F1-9BD3-58497BF4CA73}"
EndProject
Project("{2150E333-8FDC-42A3-9474-1A3956D46DE8}") = "PIPELINE", "PIPELINE", "{4EFBC797-9AD7-40E8-87E6-AE801D4701C2}"
EndProject
Project("{FAE04EC0-301F-11D3-BF4B-00C04F79EFBC}") = "Server", "Server\Server.csproj", "{158F93AD-6E01-4886-BB18-E30E0CD2CF49}"
EndProject
Project("{FAE04EC0-301F-11D3-BF4B-00C04F79EFBC}") = "Client", "Client\Client.csproj", "{F7FBD43D-24A9-47B4-AE6D-C2E1751032A3}"
EndProject
Global
	GlobalSection(SolutionConfigurationPlatforms) = preSolution
		Debug|Any CPU = Debug|Any CPU
		Release|Any CPU = Release|Any CPU
	EndGlobalSection
	GlobalSection(NestedProjects) = preSolution
		{158F93AD-6E01-4886-BB18-E30E0CD2CF49} = {29E77F39-B792-41F1-9BD3-58497BF4CA73}
		{F7FBD43D-24A9-47B4-AE6D-C2E1751032A3} = {29E77F39-B792-41F1-9BD3-58497BF4CA73}
	EndGlobalSection
	GlobalSection(ProjectConfigurationPlatforms) = postSolution
		{158F93AD-6E01-4886-BB18-E30E0CD2CF49}.Debug|Any CPU.ActiveCfg = Debug|Any CPU
		{158F93AD-6E01-4886-BB18-E30E0CD2CF49}.Debug|Any CPU.Build.0 = Debug|Any CPU
		{158F93AD-6E01-4886-BB18-E30E0CD2CF49}.Release|Any CPU.ActiveCfg = Release|Any CPU
		{158F93AD-6E01-4886-BB18-E30E0CD2CF49}.Release|Any CPU.Build.0 = Release|Any CPU
		{F7FBD43D-24A9-47B4-AE6D-C2E1751032A3}.Debug|Any CPU.ActiveCfg = Debug|Any CPU
		{F7FBD43D-24A9-47B4-AE6D-C2E1751032A3}.Debug|Any CPU.Build.0 = Debug|Any CPU
		{F7FBD43D-24A9-47B4-AE6D-C2E1751032A3}.Release|Any CPU.ActiveCfg = Release|Any CPU
		{F7FBD43D-24A9-47B4-AE6D-C2E1751032A3}.Release|Any CPU.Build.0 = Release|Any CPU
	EndGlobalSection
EndGlobal
